
Microsoft Visual Studio Solution File, Format Version 12.00
# Visual Studio 15
Project("{FAE04EC0-301F-11D3-BF4B-00C04F79EFBC}") = "TeamPowered", "TeamPowered\TeamPowered.csproj", "{E920C358-BC36-4F6B-9369-65F754D1821C}"
EndProject
Global
	GlobalSection(SolutionConfigurationPlatforms) = preSolution
		Debug|anycpu = Debug|anycpu
		Release|anycpu = Release|anycpu
	EndGlobalSection
	GlobalSection(ProjectConfigurationPlatforms) = postSolution
		{E920C358-BC36-4F6B-9369-65F754D1821C}.Debug|anycpu.ActiveCfg = Debug|anycpu
		{E920C358-BC36-4F6B-9369-65F754D1821C}.Debug|anycpu.Build.0 = Debug|anycpu
		{E920C358-BC36-4F6B-9369-65F754D1821C}.Release|anycpu.ActiveCfg = Release|anycpu
		{E920C358-BC36-4F6B-9369-65F754D1821C}.Release|anycpu.Build.0 = Release|anycpu
	EndGlobalSection
EndGlobal
